
Microsoft Visual Studio Solution File, Format Version 12.00
# Visual Studio 15
VisualStudioVersion = 15.0.28307.329
MinimumVisualStudioVersion = 10.0.40219.1
Project("{9A19103F-16F7-4668-BE54-9A1E7A4F7556}") = "FileAPI", "FileAPI\FileAPI.csproj", "{2996992A-4056-4799-BE8C-919F5DDC0A45}"
EndProject
Project("{9A19103F-16F7-4668-BE54-9A1E7A4F7556}") = "Domain", "Domain\Domain.csproj", "{D63CE41D-18C1-4ACD-8F8F-EB0D1CFAD961}"
EndProject
Project("{9A19103F-16F7-4668-BE54-9A1E7A4F7556}") = "Application", "Application\Application.csproj", "{E1DF046F-1F1F-40C5-BA11-8163ADC06605}"
EndProject
Project("{9A19103F-16F7-4668-BE54-9A1E7A4F7556}") = "DAL", "DAL\DAL.csproj", "{AEA12B1D-451A-441A-A2D0-44F789A15EC9}"
EndProject
Project("{FAE04EC0-301F-11D3-BF4B-00C04F79EFBC}") = "DtoModels", "DtoModels\DtoModels.csproj", "{A3B8E8C3-CE4F-4366-8E50-A00E6873C69E}"
EndProject
Global
	GlobalSection(SolutionConfigurationPlatforms) = preSolution
		Debug|Any CPU = Debug|Any CPU
		Release|Any CPU = Release|Any CPU
	EndGlobalSection
	GlobalSection(ProjectConfigurationPlatforms) = postSolution
		{2996992A-4056-4799-BE8C-919F5DDC0A45}.Debug|Any CPU.ActiveCfg = Debug|Any CPU
		{2996992A-4056-4799-BE8C-919F5DDC0A45}.Debug|Any CPU.Build.0 = Debug|Any CPU
		{2996992A-4056-4799-BE8C-919F5DDC0A45}.Release|Any CPU.ActiveCfg = Release|Any CPU
		{2996992A-4056-4799-BE8C-919F5DDC0A45}.Release|Any CPU.Build.0 = Release|Any CPU
		{D63CE41D-18C1-4ACD-8F8F-EB0D1CFAD961}.Debug|Any CPU.ActiveCfg = Debug|Any CPU
		{D63CE41D-18C1-4ACD-8F8F-EB0D1CFAD961}.Debug|Any CPU.Build.0 = Debug|Any CPU
		{D63CE41D-18C1-4ACD-8F8F-EB0D1CFAD961}.Release|Any CPU.ActiveCfg = Release|Any CPU
		{D63CE41D-18C1-4ACD-8F8F-EB0D1CFAD961}.Release|Any CPU.Build.0 = Release|Any CPU
		{E1DF046F-1F1F-40C5-BA11-8163ADC06605}.Debug|Any CPU.ActiveCfg = Debug|Any CPU
		{E1DF046F-1F1F-40C5-BA11-8163ADC06605}.Debug|Any CPU.Build.0 = Debug|Any CPU
		{E1DF046F-1F1F-40C5-BA11-8163ADC06605}.Release|Any CPU.ActiveCfg = Release|Any CPU
		{E1DF046F-1F1F-40C5-BA11-8163ADC06605}.Release|Any CPU.Build.0 = Release|Any CPU
		{AEA12B1D-451A-441A-A2D0-44F789A15EC9}.Debug|Any CPU.ActiveCfg = Debug|Any CPU
		{AEA12B1D-451A-441A-A2D0-44F789A15EC9}.Debug|Any CPU.Build.0 = Debug|Any CPU
		{AEA12B1D-451A-441A-A2D0-44F789A15EC9}.Release|Any CPU.ActiveCfg = Release|Any CPU
		{AEA12B1D-451A-441A-A2D0-44F789A15EC9}.Release|Any CPU.Build.0 = Release|Any CPU
		{A3B8E8C3-CE4F-4366-8E50-A00E6873C69E}.Debug|Any CPU.ActiveCfg = Debug|Any CPU
		{A3B8E8C3-CE4F-4366-8E50-A00E6873C69E}.Debug|Any CPU.Build.0 = Debug|Any CPU
		{A3B8E8C3-CE4F-4366-8E50-A00E6873C69E}.Release|Any CPU.ActiveCfg = Release|Any CPU
		{A3B8E8C3-CE4F-4366-8E50-A00E6873C69E}.Release|Any CPU.Build.0 = Release|Any CPU
	EndGlobalSection
	GlobalSection(SolutionProperties) = preSolution
		HideSolutionNode = FALSE
	EndGlobalSection
	GlobalSection(ExtensibilityGlobals) = postSolution
		SolutionGuid = {E4A45DB9-10DF-4C28-B8D0-546C402A2714}
	EndGlobalSection
EndGlobal
